
Microsoft Visual Studio Solution File, Format Version 12.00
# Visual Studio Version 17
VisualStudioVersion = 17.14.36811.4 d17.14
MinimumVisualStudioVersion = 10.0.40219.1
Project("{FAE04EC0-301F-11D3-BF4B-00C04F79EFBC}") = "PersonalSite", "PersonalSite.csproj", "{FAF4AF4B-349A-45F4-A17C-B664B76DD883}"
EndProject
Global
	GlobalSection(SolutionConfigurationPlatforms) = preSolution
		Debug|Any CPU = Debug|Any CPU
		Release|Any CPU = Release|Any CPU
	EndGlobalSection
	GlobalSection(ProjectConfigurationPlatforms) = postSolution
		{FAF4AF4B-349A-45F4-A17C-B664B76DD883}.Debug|Any CPU.ActiveCfg = Debug|Any CPU
		{FAF4AF4B-349A-45F4-A17C-B664B76DD883}.Debug|Any CPU.Build.0 = Debug|Any CPU
		{FAF4AF4B-349A-45F4-A17C-B664B76DD883}.Release|Any CPU.ActiveCfg = Release|Any CPU
		{FAF4AF4B-349A-45F4-A17C-B664B76DD883}.Release|Any CPU.Build.0 = Release|Any CPU
	EndGlobalSection
	GlobalSection(SolutionProperties) = preSolution
		HideSolutionNode = FALSE
	EndGlobalSection
	GlobalSection(ExtensibilityGlobals) = postSolution
		SolutionGuid = {8D2BEDED-B1C5-4B85-A64E-777A0F0FF7DE}
	EndGlobalSection
EndGlobal
